{
    "dama/doctrine-test-bundle": {
        "version": "6.7",
        "recipe": {
            "repo": "github.com/symfony/recipes-contrib",
            "branch": "main",
            "version": "4.0",
            "ref": "56eaa387b5e48ebcc7c95a893b47dfa1ad51449c"
        },
        "files": [
            "config/packages/test/dama_doctrine_test_bundle.yaml"
        ]
    },
    "doctrine/annotations": {
        "version": "1.13",
        "recipe": {
            "repo": "github.com/symfony/recipes",
            "branch": "main",
            "version": "1.10",
            "ref": "64d8583af5ea57b7afa4aba4b159907f3a148b05"
        }
    },
    "doctrine/doctrine-bundle": {
        "version": "2.7",
        "recipe": {
            "repo": "github.com/symfony/recipes",
            "branch": "main",
            "version": "2.4",
            "ref": "da713d006953b90d1c085c1be480ecdd6c4a95e0"
        },
        "files": [
            "config/packages/doctrine.yaml",
            "src/Entity/.gitignore",
            "src/Repository/.gitignore"
        ]
    },
    "doctrine/doctrine-fixtures-bundle": {
        "version": "3.4",
        "recipe": {
            "repo": "github.com/symfony/recipes",
            "branch": "main",
            "version": "3.0",
            "ref": "1f5514cfa15b947298df4d771e694e578d4c204d"
        },
        "files": [
            "src/DataFixtures/AppFixtures.php"
        ]
    },
    "doctrine/doctrine-migrations-bundle": {
        "version": "2.2",
        "recipe": {
            "repo": "github.com/symfony/recipes",
            "branch": "main",
            "version": "2.2",
            "ref": "baaa439e3e3179e69e3da84b671f0a3e4a2f56ad"
        },
        "files": [
            "config/packages/doctrine_migrations.yaml",
            "migrations/.gitignore"
        ]
    },
    "friendsofphp/php-cs-fixer": {
        "version": "3.4",
        "recipe": {
            "repo": "github.com/symfony/recipes",
            "branch": "main",
            "version": "3.0",
            "ref": "be2103eb4a20942e28a6dd87736669b757132435"
        },
        "files": [
            ".php-cs-fixer.dist.php"
        ]
    },
    "friendsofsymfony/ckeditor-bundle": {
        "version": "2.4",
        "recipe": {
            "repo": "github.com/symfony/recipes-contrib",
            "branch": "main",
            "version": "2.0",
            "ref": "f5ad42002183a6881962683e6d84bbb25cdfce5d"
        },
        "files": [
            "config/packages/fos_ckeditor.yaml"
        ]
    },
    "hautelook/alice-bundle": {
        "version": "2.9",
        "recipe": {
            "repo": "github.com/symfony/recipes",
            "branch": "main",
            "version": "2.1",
            "ref": "ff94d76b2ec0c552b5d67d401f59ab8fd62f3d5f"
        },
        "files": [
            "config/packages/dev/hautelook_alice.yaml",
            "config/packages/test/hautelook_alice.yaml",
            "fixtures/.gitignore"
        ]
    },
    "jtborger/ldaptools-bundle": {
        "version": "dev-master"
    },
    "knplabs/knp-paginator-bundle": {
        "version": "v2.8.0"
    },
    "liip/functional-test-bundle": {
        "version": "4.5.1"
    },
    "liip/test-fixtures-bundle": {
        "version": "2.4.1"
    },
    "nelmio/alice": {
        "version": "3.9",
        "recipe": {
            "repo": "github.com/symfony/recipes",
            "branch": "main",
            "version": "3.3",
            "ref": "42b52d2065dc3fde27912d502c18ca1926e35ae2"
        },
        "files": [
            "config/packages/nelmio_alice.yaml"
        ]
    },
    "phpunit/phpunit": {
        "version": "7.5",
        "recipe": {
            "repo": "github.com/symfony/recipes",
            "branch": "main",
            "version": "4.7",
            "ref": "b5b34fa22319ac1f7f6c180b30e160841c154a1e"
        },
        "files": [
            ".env.test",
            "phpunit.xml.dist",
            "tests/bootstrap.php"
        ]
    },
    "sensio/framework-extra-bundle": {
        "version": "5.6",
        "recipe": {
            "repo": "github.com/symfony/recipes",
            "branch": "main",
            "version": "5.2",
            "ref": "fb7e19da7f013d0d422fa9bce16f5c510e27609b"
        },
        "files": [
            "config/packages/sensio_framework_extra.yaml"
        ]
    },
    "shivas/versioning-bundle": {
        "version": "3.2.4"
    },
    "stof/doctrine-extensions-bundle": {
        "version": "1.7",
        "recipe": {
            "repo": "github.com/symfony/recipes-contrib",
            "branch": "main",
            "version": "1.2",
            "ref": "e805aba9eff5372e2d149a9ff56566769e22819d"
        },
        "files": [
            "config/packages/stof_doctrine_extensions.yaml"
        ]
    },
    "symfony/console": {
        "version": "4.4",
        "recipe": {
            "repo": "github.com/symfony/recipes",
            "branch": "main",
            "version": "4.4",
            "ref": "fd5340d07d4c90504843b53da41525cf42e31f5c"
        },
        "files": [
            "bin/console",
            "config/bootstrap.php"
        ]
    },
    "symfony/flex": {
        "version": "1.19",
        "recipe": {
            "repo": "github.com/symfony/recipes",
            "branch": "main",
            "version": "1.0",
            "ref": "146251ae39e06a95be0fe3d13c807bcf3938b172"
        },
        "files": [
            ".env"
        ]
    },
    "symfony/framework-bundle": {
        "version": "4.4",
        "recipe": {
            "repo": "github.com/symfony/recipes",
            "branch": "main",
            "version": "4.4",
            "ref": "24eb45d1355810154890460e6a05c0ca27318fe7"
        },
        "files": [
            "config/bootstrap.php",
            "config/packages/cache.yaml",
            "config/packages/framework.yaml",
            "config/packages/test/framework.yaml",
            "config/preload.php",
            "config/routes/dev/framework.yaml",
            "config/services.yaml",
            "public/index.php",
            "src/Controller/.gitignore",
            "src/Kernel.php"
        ]
    },
    "symfony/mailer": {
        "version": "4.4",
        "recipe": {
            "repo": "github.com/symfony/recipes",
            "branch": "main",
            "version": "4.3",
            "ref": "97a61eabb351d7f6cb7702039bcfe07fe9d7e03c"
        },
        "files": [
            "config/packages/mailer.yaml"
        ]
    },
    "symfony/monolog-bundle": {
        "version": "3.8",
        "recipe": {
            "repo": "github.com/symfony/recipes",
            "branch": "main",
            "version": "3.7",
            "ref": "213676c4ec929f046dfde5ea8e97625b81bc0578"
        },
        "files": [
            "config/packages/monolog.yaml"
        ]
    },
    "symfony/phpunit-bridge": {
        "version": "4.4",
        "recipe": {
            "repo": "github.com/symfony/recipes",
            "branch": "main",
            "version": "4.3",
            "ref": "0e1b186400de9d4ab83363138b4eb0072c99b2ab"
        },
        "files": [
            ".env.test",
            "bin/phpunit",
            "phpunit.xml.dist",
            "tests/bootstrap.php"
        ]
    },
    "symfony/routing": {
        "version": "4.4",
        "recipe": {
            "repo": "github.com/symfony/recipes",
            "branch": "main",
            "version": "4.2",
            "ref": "683dcb08707ba8d41b7e34adb0344bfd68d248a7"
        },
        "files": [
            "config/packages/prod/routing.yaml",
            "config/packages/routing.yaml",
            "config/routes.yaml"
        ]
    },
    "symfony/security-bundle": {
        "version": "4.4",
        "recipe": {
            "repo": "github.com/symfony/recipes",
            "branch": "main",
            "version": "4.4",
            "ref": "7b4408dc203049666fe23fabed23cbadc6d8440f"
        },
        "files": [
            "config/packages/security.yaml"
        ]
    },
    "symfony/translation": {
        "version": "4.4",
        "recipe": {
            "repo": "github.com/symfony/recipes",
            "branch": "main",
            "version": "3.3",
            "ref": "2ad9d2545bce8ca1a863e50e92141f0b9d87ffcd"
        },
        "files": [
            "config/packages/translation.yaml",
            "translations/.gitignore"
        ]
    },
    "symfony/twig-bundle": {
        "version": "4.4",
        "recipe": {
            "repo": "github.com/symfony/recipes",
            "branch": "main",
            "version": "4.4",
            "ref": "73baff3f7b3cea12a73812a7cfd2c0924a9e250f"
        },
        "files": [
            "config/packages/test/twig.yaml",
            "config/packages/twig.yaml",
            "templates/base.html.twig"
        ]
    },
    "symfony/validator": {
        "version": "4.4",
        "recipe": {
            "repo": "github.com/symfony/recipes",
            "branch": "main",
            "version": "4.3",
            "ref": "3eb8df139ec05414489d55b97603c5f6ca0c44cb"
        },
        "files": [
            "config/packages/test/validator.yaml",
            "config/packages/validator.yaml"
        ]
    },
    "symfony/web-profiler-bundle": {
        "version": "4.4",
        "recipe": {
            "repo": "github.com/symfony/recipes",
            "branch": "main",
            "version": "3.3",
            "ref": "6bdfa1a95f6b2e677ab985cd1af2eae35d62e0f6"
        },
        "files": [
            "config/packages/dev/web_profiler.yaml",
            "config/packages/test/web_profiler.yaml",
            "config/routes/dev/web_profiler.yaml"
        ]
    },
    "symfony/webpack-encore-bundle": {
        "version": "1.16",
        "recipe": {
            "repo": "github.com/symfony/recipes",
            "branch": "main",
            "version": "1.10",
            "ref": "5878c7c28468ca0fdce2497a04cfc66bab0dc3ef"
        },
        "files": [
            "assets/app.js",
            "assets/bootstrap.js",
            "assets/controllers.json",
            "assets/controllers/hello_controller.js",
            "assets/styles/app.css",
            "config/packages/webpack_encore.yaml",
            "package.json",
            "webpack.config.js"
        ]
    },
    "symfony/workflow": {
        "version": "4.4",
        "recipe": {
            "repo": "github.com/symfony/recipes",
            "branch": "main",
            "version": "3.3",
            "ref": "3b2f8ca32a07fcb00f899649053943fa3d8bbfb6"
        },
        "files": [
            "config/packages/workflow.yaml"
        ]
    },
    "theofidry/alice-data-fixtures": {
        "version": "1.5",
        "recipe": {
            "repo": "github.com/symfony/recipes",
            "branch": "main",
            "version": "1.0",
            "ref": "fe5a50faf580eb58f08ada2abe8afbd2d4941e05"
        }
    },
    "twig/extra-bundle": {
        "version": "v3.4.0"
    },
    "vich/uploader-bundle": {
        "version": "1.16",
        "recipe": {
            "repo": "github.com/symfony/recipes-contrib",
            "branch": "main",
            "version": "1.7",
            "ref": "c4f5755b37fb65b9c6a3cbdae91205c15a137ed4"
        },
        "files": [
            "config/packages/vich_uploader.yaml"
        ]
    }
}
